
Microsoft Visual Studio Solution File, Format Version 12.00
# Visual Studio Version 16
VisualStudioVersion = 16.0.29430.225
MinimumVisualStudioVersion = 10.0.40219.1
Project("{9A19103F-16F7-4668-BE54-9A1E7A4F7556}") = "ConsoleApp2", "ConsoleApp2\ConsoleApp2.csproj", "{BF735082-D2BA-410D-AEC5-CB1472E9EED2}"
EndProject
Global
	GlobalSection(SolutionConfigurationPlatforms) = preSolution
		Debug|Any CPU = Debug|Any CPU
		Debug|x64 = Debug|x64
		Release|Any CPU = Release|Any CPU
		Release|x64 = Release|x64
	EndGlobalSection
	GlobalSection(ProjectConfigurationPlatforms) = postSolution
		{BF735082-D2BA-410D-AEC5-CB1472E9EED2}.Debug|Any CPU.ActiveCfg = Debug|Any CPU
		{BF735082-D2BA-410D-AEC5-CB1472E9EED2}.Debug|Any CPU.Build.0 = Debug|Any CPU
		{BF735082-D2BA-410D-AEC5-CB1472E9EED2}.Debug|x64.ActiveCfg = Debug|x64
		{BF735082-D2BA-410D-AEC5-CB1472E9EED2}.Debug|x64.Build.0 = Debug|x64
		{BF735082-D2BA-410D-AEC5-CB1472E9EED2}.Release|Any CPU.ActiveCfg = Release|Any CPU
		{BF735082-D2BA-410D-AEC5-CB1472E9EED2}.Release|Any CPU.Build.0 = Release|Any CPU
		{BF735082-D2BA-410D-AEC5-CB1472E9EED2}.Release|x64.ActiveCfg = Release|x64
		{BF735082-D2BA-410D-AEC5-CB1472E9EED2}.Release|x64.Build.0 = Release|x64
	EndGlobalSection
	GlobalSection(SolutionProperties) = preSolution
		HideSolutionNode = FALSE
	EndGlobalSection
	GlobalSection(ExtensibilityGlobals) = postSolution
		SolutionGuid = {2E7E0D10-B4DE-4FAF-B44A-17C64C14BD33}
	EndGlobalSection
EndGlobal
